
Microsoft Visual Studio Solution File, Format Version 12.00
# Visual Studio Version 16
VisualStudioVersion = 16.0.30204.135
MinimumVisualStudioVersion = 10.0.40219.1
Project("{FAE04EC0-301F-11D3-BF4B-00C04F79EFBC}") = "exampleTest", "exampleTest\exampleTest.csproj", "{B0C14933-4837-4522-AE11-F57C51C70EBE}"
EndProject
Project("{FAE04EC0-301F-11D3-BF4B-00C04F79EFBC}") = "extampleTest.test", "extampleTest.test\extampleTest.test.csproj", "{1CACDA1E-CDBC-4E1F-82E5-9FD997B16C55}"
EndProject
Global
	GlobalSection(SolutionConfigurationPlatforms) = preSolution
		Debug|Any CPU = Debug|Any CPU
		Release|Any CPU = Release|Any CPU
	EndGlobalSection
	GlobalSection(ProjectConfigurationPlatforms) = postSolution
		{B0C14933-4837-4522-AE11-F57C51C70EBE}.Debug|Any CPU.ActiveCfg = Debug|Any CPU
		{B0C14933-4837-4522-AE11-F57C51C70EBE}.Debug|Any CPU.Build.0 = Debug|Any CPU
		{B0C14933-4837-4522-AE11-F57C51C70EBE}.Release|Any CPU.ActiveCfg = Release|Any CPU
		{B0C14933-4837-4522-AE11-F57C51C70EBE}.Release|Any CPU.Build.0 = Release|Any CPU
		{1CACDA1E-CDBC-4E1F-82E5-9FD997B16C55}.Debug|Any CPU.ActiveCfg = Debug|Any CPU
		{1CACDA1E-CDBC-4E1F-82E5-9FD997B16C55}.Debug|Any CPU.Build.0 = Debug|Any CPU
		{1CACDA1E-CDBC-4E1F-82E5-9FD997B16C55}.Release|Any CPU.ActiveCfg = Release|Any CPU
		{1CACDA1E-CDBC-4E1F-82E5-9FD997B16C55}.Release|Any CPU.Build.0 = Release|Any CPU
	EndGlobalSection
	GlobalSection(SolutionProperties) = preSolution
		HideSolutionNode = FALSE
	EndGlobalSection
	GlobalSection(ExtensibilityGlobals) = postSolution
		SolutionGuid = {6052B15D-83C7-434C-ADA8-E5C7330A7E1F}
	EndGlobalSection
EndGlobal
