
Microsoft Visual Studio Solution File, Format Version 12.00
# Visual Studio Version 16
VisualStudioVersion = 16.0.30204.135
MinimumVisualStudioVersion = 10.0.40219.1
Project("{FAE04EC0-301F-11D3-BF4B-00C04F79EFBC}") = "AtringCalculator.test", "extampleTest.test\AtringCalculator.test.csproj", "{1CACDA1E-CDBC-4E1F-82E5-9FD997B16C55}"
EndProject
Project("{FAE04EC0-301F-11D3-BF4B-00C04F79EFBC}") = "LensDistanceTests", "LensDistanceTests\LensDistanceTests.csproj", "{428695CA-EDF0-44FF-813C-3C76F130814F}"
EndProject
Project("{FAE04EC0-301F-11D3-BF4B-00C04F79EFBC}") = "libraryTests", "libraryTests\libraryTests.csproj", "{667EFAE9-330D-42C4-997C-F01A98AF1ADE}"
EndProject
Global
	GlobalSection(SolutionConfigurationPlatforms) = preSolution
		Debug|Any CPU = Debug|Any CPU
		Release|Any CPU = Release|Any CPU
	EndGlobalSection
	GlobalSection(ProjectConfigurationPlatforms) = postSolution
		{1CACDA1E-CDBC-4E1F-82E5-9FD997B16C55}.Debug|Any CPU.ActiveCfg = Debug|Any CPU
		{1CACDA1E-CDBC-4E1F-82E5-9FD997B16C55}.Debug|Any CPU.Build.0 = Debug|Any CPU
		{1CACDA1E-CDBC-4E1F-82E5-9FD997B16C55}.Release|Any CPU.ActiveCfg = Release|Any CPU
		{1CACDA1E-CDBC-4E1F-82E5-9FD997B16C55}.Release|Any CPU.Build.0 = Release|Any CPU
		{428695CA-EDF0-44FF-813C-3C76F130814F}.Debug|Any CPU.ActiveCfg = Debug|Any CPU
		{428695CA-EDF0-44FF-813C-3C76F130814F}.Debug|Any CPU.Build.0 = Debug|Any CPU
		{428695CA-EDF0-44FF-813C-3C76F130814F}.Release|Any CPU.ActiveCfg = Release|Any CPU
		{428695CA-EDF0-44FF-813C-3C76F130814F}.Release|Any CPU.Build.0 = Release|Any CPU
		{667EFAE9-330D-42C4-997C-F01A98AF1ADE}.Debug|Any CPU.ActiveCfg = Debug|Any CPU
		{667EFAE9-330D-42C4-997C-F01A98AF1ADE}.Debug|Any CPU.Build.0 = Debug|Any CPU
		{667EFAE9-330D-42C4-997C-F01A98AF1ADE}.Release|Any CPU.ActiveCfg = Release|Any CPU
		{667EFAE9-330D-42C4-997C-F01A98AF1ADE}.Release|Any CPU.Build.0 = Release|Any CPU
	EndGlobalSection
	GlobalSection(SolutionProperties) = preSolution
		HideSolutionNode = FALSE
	EndGlobalSection
	GlobalSection(ExtensibilityGlobals) = postSolution
		SolutionGuid = {6052B15D-83C7-434C-ADA8-E5C7330A7E1F}
	EndGlobalSection
EndGlobal
